
Microsoft Visual Studio Solution File, Format Version 12.00
# Visual Studio Version 16
VisualStudioVersion = 16.0.29209.152
MinimumVisualStudioVersion = 10.0.40219.1
Project("{FAE04EC0-301F-11D3-BF4B-00C04F79EFBC}") = "Squire", "Squire\Squire.csproj", "{E7BB217B-6F1A-4DAF-9E74-5892A25D0CEF}"
EndProject
Global
	GlobalSection(SolutionConfigurationPlatforms) = preSolution
		Debug|Any CPU = Debug|Any CPU
		Release|Any CPU = Release|Any CPU
	EndGlobalSection
	GlobalSection(ProjectConfigurationPlatforms) = postSolution
		{E7BB217B-6F1A-4DAF-9E74-5892A25D0CEF}.Debug|Any CPU.ActiveCfg = Debug|Any CPU
		{E7BB217B-6F1A-4DAF-9E74-5892A25D0CEF}.Debug|Any CPU.Build.0 = Debug|Any CPU
		{E7BB217B-6F1A-4DAF-9E74-5892A25D0CEF}.Release|Any CPU.ActiveCfg = Release|Any CPU
		{E7BB217B-6F1A-4DAF-9E74-5892A25D0CEF}.Release|Any CPU.Build.0 = Release|Any CPU
	EndGlobalSection
	GlobalSection(SolutionProperties) = preSolution
		HideSolutionNode = FALSE
	EndGlobalSection
	GlobalSection(ExtensibilityGlobals) = postSolution
		SolutionGuid = {6F667BE2-29D7-4EC0-8E7E-919A0C92918B}
	EndGlobalSection
	GlobalSection(SpecExplorer.ActivityCompletionStatus) = preSolution
		SpecExplorer.ActivityCompletionStatus = TestExisting: ;ModelFromScratch:
	EndGlobalSection
EndGlobal
